
Microsoft Visual Studio Solution File, Format Version 12.00
# Visual Studio Version 16
VisualStudioVersion = 16.0.31410.357
MinimumVisualStudioVersion = 10.0.40219.1
Project("{FAE04EC0-301F-11D3-BF4B-00C04F79EFBC}") = "Airlink.Android", "Airlink\Airlink.Android\Airlink.Android.csproj", "{96AC72A4-8FD2-4E8A-8EE2-EE0435780FDB}"
EndProject
Project("{FAE04EC0-301F-11D3-BF4B-00C04F79EFBC}") = "Airlink.iOS", "Airlink\Airlink.iOS\Airlink.iOS.csproj", "{24F62A43-F928-4C0D-958D-78A3AD765D07}"
EndProject
Project("{9A19103F-16F7-4668-BE54-9A1E7A4F7556}") = "Airlink", "Airlink\Airlink\Airlink.csproj", "{2F1F4F2C-B8FB-4407-B1C2-2D97E4E4BF83}"
EndProject
Global
	GlobalSection(SolutionConfigurationPlatforms) = preSolution
		Debug|Any CPU = Debug|Any CPU
		Debug|iPhone = Debug|iPhone
		Debug|iPhoneSimulator = Debug|iPhoneSimulator
		Release|Any CPU = Release|Any CPU
		Release|iPhone = Release|iPhone
		Release|iPhoneSimulator = Release|iPhoneSimulator
	EndGlobalSection
	GlobalSection(ProjectConfigurationPlatforms) = postSolution
		{96AC72A4-8FD2-4E8A-8EE2-EE0435780FDB}.Debug|Any CPU.ActiveCfg = Debug|Any CPU
		{96AC72A4-8FD2-4E8A-8EE2-EE0435780FDB}.Debug|Any CPU.Build.0 = Debug|Any CPU
		{96AC72A4-8FD2-4E8A-8EE2-EE0435780FDB}.Debug|Any CPU.Deploy.0 = Debug|Any CPU
		{96AC72A4-8FD2-4E8A-8EE2-EE0435780FDB}.Debug|iPhone.ActiveCfg = Debug|Any CPU
		{96AC72A4-8FD2-4E8A-8EE2-EE0435780FDB}.Debug|iPhone.Build.0 = Debug|Any CPU
		{96AC72A4-8FD2-4E8A-8EE2-EE0435780FDB}.Debug|iPhone.Deploy.0 = Debug|Any CPU
		{96AC72A4-8FD2-4E8A-8EE2-EE0435780FDB}.Debug|iPhoneSimulator.ActiveCfg = Debug|Any CPU
		{96AC72A4-8FD2-4E8A-8EE2-EE0435780FDB}.Debug|iPhoneSimulator.Build.0 = Debug|Any CPU
		{96AC72A4-8FD2-4E8A-8EE2-EE0435780FDB}.Debug|iPhoneSimulator.Deploy.0 = Debug|Any CPU
		{96AC72A4-8FD2-4E8A-8EE2-EE0435780FDB}.Release|Any CPU.ActiveCfg = Release|Any CPU
		{96AC72A4-8FD2-4E8A-8EE2-EE0435780FDB}.Release|Any CPU.Build.0 = Release|Any CPU
		{96AC72A4-8FD2-4E8A-8EE2-EE0435780FDB}.Release|Any CPU.Deploy.0 = Release|Any CPU
		{96AC72A4-8FD2-4E8A-8EE2-EE0435780FDB}.Release|iPhone.ActiveCfg = Release|Any CPU
		{96AC72A4-8FD2-4E8A-8EE2-EE0435780FDB}.Release|iPhone.Build.0 = Release|Any CPU
		{96AC72A4-8FD2-4E8A-8EE2-EE0435780FDB}.Release|iPhone.Deploy.0 = Release|Any CPU
		{96AC72A4-8FD2-4E8A-8EE2-EE0435780FDB}.Release|iPhoneSimulator.ActiveCfg = Release|Any CPU
		{96AC72A4-8FD2-4E8A-8EE2-EE0435780FDB}.Release|iPhoneSimulator.Build.0 = Release|Any CPU
		{96AC72A4-8FD2-4E8A-8EE2-EE0435780FDB}.Release|iPhoneSimulator.Deploy.0 = Release|Any CPU
		{24F62A43-F928-4C0D-958D-78A3AD765D07}.Debug|Any CPU.ActiveCfg = Debug|iPhone
		{24F62A43-F928-4C0D-958D-78A3AD765D07}.Debug|Any CPU.Build.0 = Debug|iPhone
		{24F62A43-F928-4C0D-958D-78A3AD765D07}.Debug|Any CPU.Deploy.0 = Debug|iPhone
		{24F62A43-F928-4C0D-958D-78A3AD765D07}.Debug|iPhone.ActiveCfg = Debug|iPhone
		{24F62A43-F928-4C0D-958D-78A3AD765D07}.Debug|iPhone.Build.0 = Debug|iPhone
		{24F62A43-F928-4C0D-958D-78A3AD765D07}.Debug|iPhone.Deploy.0 = Debug|iPhone
		{24F62A43-F928-4C0D-958D-78A3AD765D07}.Debug|iPhoneSimulator.ActiveCfg = Debug|iPhoneSimulator
		{24F62A43-F928-4C0D-958D-78A3AD765D07}.Debug|iPhoneSimulator.Build.0 = Debug|iPhoneSimulator
		{24F62A43-F928-4C0D-958D-78A3AD765D07}.Debug|iPhoneSimulator.Deploy.0 = Debug|iPhoneSimulator
		{24F62A43-F928-4C0D-958D-78A3AD765D07}.Release|Any CPU.ActiveCfg = Release|iPhoneSimulator
		{24F62A43-F928-4C0D-958D-78A3AD765D07}.Release|Any CPU.Build.0 = Release|iPhoneSimulator
		{24F62A43-F928-4C0D-958D-78A3AD765D07}.Release|Any CPU.Deploy.0 = Release|iPhoneSimulator
		{24F62A43-F928-4C0D-958D-78A3AD765D07}.Release|iPhone.ActiveCfg = Release|iPhone
		{24F62A43-F928-4C0D-958D-78A3AD765D07}.Release|iPhone.Build.0 = Release|iPhone
		{24F62A43-F928-4C0D-958D-78A3AD765D07}.Release|iPhone.Deploy.0 = Release|iPhone
		{24F62A43-F928-4C0D-958D-78A3AD765D07}.Release|iPhoneSimulator.ActiveCfg = Release|iPhoneSimulator
		{24F62A43-F928-4C0D-958D-78A3AD765D07}.Release|iPhoneSimulator.Build.0 = Release|iPhoneSimulator
		{24F62A43-F928-4C0D-958D-78A3AD765D07}.Release|iPhoneSimulator.Deploy.0 = Release|iPhoneSimulator
		{2F1F4F2C-B8FB-4407-B1C2-2D97E4E4BF83}.Debug|Any CPU.ActiveCfg = Debug|Any CPU
		{2F1F4F2C-B8FB-4407-B1C2-2D97E4E4BF83}.Debug|Any CPU.Build.0 = Debug|Any CPU
		{2F1F4F2C-B8FB-4407-B1C2-2D97E4E4BF83}.Debug|Any CPU.Deploy.0 = Debug|Any CPU
		{2F1F4F2C-B8FB-4407-B1C2-2D97E4E4BF83}.Debug|iPhone.ActiveCfg = Debug|Any CPU
		{2F1F4F2C-B8FB-4407-B1C2-2D97E4E4BF83}.Debug|iPhone.Build.0 = Debug|Any CPU
		{2F1F4F2C-B8FB-4407-B1C2-2D97E4E4BF83}.Debug|iPhone.Deploy.0 = Debug|Any CPU
		{2F1F4F2C-B8FB-4407-B1C2-2D97E4E4BF83}.Debug|iPhoneSimulator.ActiveCfg = Debug|Any CPU
		{2F1F4F2C-B8FB-4407-B1C2-2D97E4E4BF83}.Debug|iPhoneSimulator.Build.0 = Debug|Any CPU
		{2F1F4F2C-B8FB-4407-B1C2-2D97E4E4BF83}.Debug|iPhoneSimulator.Deploy.0 = Debug|Any CPU
		{2F1F4F2C-B8FB-4407-B1C2-2D97E4E4BF83}.Release|Any CPU.ActiveCfg = Release|Any CPU
		{2F1F4F2C-B8FB-4407-B1C2-2D97E4E4BF83}.Release|Any CPU.Build.0 = Release|Any CPU
		{2F1F4F2C-B8FB-4407-B1C2-2D97E4E4BF83}.Release|Any CPU.Deploy.0 = Release|Any CPU
		{2F1F4F2C-B8FB-4407-B1C2-2D97E4E4BF83}.Release|iPhone.ActiveCfg = Release|Any CPU
		{2F1F4F2C-B8FB-4407-B1C2-2D97E4E4BF83}.Release|iPhone.Build.0 = Release|Any CPU
		{2F1F4F2C-B8FB-4407-B1C2-2D97E4E4BF83}.Release|iPhone.Deploy.0 = Release|Any CPU
		{2F1F4F2C-B8FB-4407-B1C2-2D97E4E4BF83}.Release|iPhoneSimulator.ActiveCfg = Release|Any CPU
		{2F1F4F2C-B8FB-4407-B1C2-2D97E4E4BF83}.Release|iPhoneSimulator.Build.0 = Release|Any CPU
		{2F1F4F2C-B8FB-4407-B1C2-2D97E4E4BF83}.Release|iPhoneSimulator.Deploy.0 = Release|Any CPU
	EndGlobalSection
	GlobalSection(SolutionProperties) = preSolution
		HideSolutionNode = FALSE
	EndGlobalSection
	GlobalSection(ExtensibilityGlobals) = postSolution
		SolutionGuid = {D554ECA6-FB98-4745-943A-3FF842DAB310}
	EndGlobalSection
EndGlobal
